github.com/rthornton128/goncurses v0.0.0-20240804152857-da6485a3b6d7 h1:HRzMcsVbf0rNRrRX/h43syyiRAJFbJFpZFQEUhBJPAo=
github.com/rthornton128/goncurses v0.0.0-20240804152857-da6485a3b6d7/go.mod h1:AHlKFomPTwmO7H2vL8d7VNrQNQmhMi/DBhDnHRhjbCo=
github.com/savsgio/gotils v0.0.0-20250408102913-196191ec6287 h1:qIQ0tWF9vxGtkJa24bR+2i53WBCz1nW/Pc47oVYauC4=
github.com/savsgio/gotils v0.0.0-20250408102913-196191ec6287/go.mod h1:sM7Mt7uEoCeFSCBM+qBrqvEo+/9vdmj19wzp3yzUhmg=
github.com/valyala/bytebufferpool v1.0.0 h1:GqA5TC/0021Y/b9FG4Oi9Mr3q7XYx6KllzawFIhcdPw=
github.com/valyala/bytebufferpool v1.0.0/go.mod h1:6bBcMArwyJ5K/AmCkWv1jt77kVWyCJ6HpOuEn7z0Csc=
